
Microsoft Visual Studio Solution File, Format Version 12.00
# Visual Studio Version 17
VisualStudioVersion = 17.2.32519.379
MinimumVisualStudioVersion = 10.0.40219.1
Project("{FAE04EC0-301F-11D3-BF4B-00C04F79EFBC}") = "Cadastro", "Cadastro\Cadastro.csproj", "{A013AE67-FE0E-45DB-BB81-1B220587D707}"
EndProject
Global
	GlobalSection(SolutionConfigurationPlatforms) = preSolution
		Debug|Any CPU = Debug|Any CPU
		Release|Any CPU = Release|Any CPU
	EndGlobalSection
	GlobalSection(ProjectConfigurationPlatforms) = postSolution
		{A013AE67-FE0E-45DB-BB81-1B220587D707}.Debug|Any CPU.ActiveCfg = Debug|Any CPU
		{A013AE67-FE0E-45DB-BB81-1B220587D707}.Debug|Any CPU.Build.0 = Debug|Any CPU
		{A013AE67-FE0E-45DB-BB81-1B220587D707}.Release|Any CPU.ActiveCfg = Release|Any CPU
		{A013AE67-FE0E-45DB-BB81-1B220587D707}.Release|Any CPU.Build.0 = Release|Any CPU
	EndGlobalSection
	GlobalSection(SolutionProperties) = preSolution
		HideSolutionNode = FALSE
	EndGlobalSection
	GlobalSection(ExtensibilityGlobals) = postSolution
		SolutionGuid = {13CD1E2C-C194-42B9-B6CB-1A87A61EF1C9}
	EndGlobalSection
EndGlobal
